
Microsoft Visual Studio Solution File, Format Version 12.00
# Visual Studio Version 17
VisualStudioVersion = 17.9.34728.123
MinimumVisualStudioVersion = 10.0.40219.1
Project("{8BC9CEB8-8B4A-11D0-8D11-00A0C91BC942}") = "MazeFill", "MazeFill.vcxproj", "{47B25013-3FBA-45B3-B085-5CDD362EA3D9}"
EndProject
Global
	GlobalSection(SolutionConfigurationPlatforms) = preSolution
		Debug|x64 = Debug|x64
		Debug|x86 = Debug|x86
		Release|x64 = Release|x64
		Release|x86 = Release|x86
	EndGlobalSection
	GlobalSection(ProjectConfigurationPlatforms) = postSolution
		{47B25013-3FBA-45B3-B085-5CDD362EA3D9}.Debug|x64.ActiveCfg = Debug|x64
		{47B25013-3FBA-45B3-B085-5CDD362EA3D9}.Debug|x64.Build.0 = Debug|x64
		{47B25013-3FBA-45B3-B085-5CDD362EA3D9}.Debug|x86.ActiveCfg = Debug|Win32
		{47B25013-3FBA-45B3-B085-5CDD362EA3D9}.Debug|x86.Build.0 = Debug|Win32
		{47B25013-3FBA-45B3-B085-5CDD362EA3D9}.Release|x64.ActiveCfg = Release|x64
		{47B25013-3FBA-45B3-B085-5CDD362EA3D9}.Release|x64.Build.0 = Release|x64
		{47B25013-3FBA-45B3-B085-5CDD362EA3D9}.Release|x86.ActiveCfg = Release|Win32
		{47B25013-3FBA-45B3-B085-5CDD362EA3D9}.Release|x86.Build.0 = Release|Win32
	EndGlobalSection
	GlobalSection(SolutionProperties) = preSolution
		HideSolutionNode = FALSE
	EndGlobalSection
	GlobalSection(ExtensibilityGlobals) = postSolution
		SolutionGuid = {545E2EB4-9C4C-4963-A50B-B12B8B81C601}
	EndGlobalSection
EndGlobal
